// !$*UTF8*$!
{
	archiveVersion = 1;
	classes = {
	};
	objectVersion = 52;
	objects = {

/* Begin PBXBuildFile section */
		D2894C1224BF0289009F05CC /* icon128.png in Resources */ = {isa = PBXBuildFile; fileRef = D2894C1124BF0289009F05CC /* icon128.png */; };
		D2C64F0024BAFB90005C8CBB /* Aria2Client.swift in Sources */ = {isa = PBXBuildFile; fileRef = D2C64EFF24BAFB90005C8CBB /* Aria2Client.swift */; };
		D2C64F0624BAFBF3005C8CBB /* Alamofire in Frameworks */ = {isa = PBXBuildFile; productRef = D2C64F0524BAFBF3005C8CBB /* Alamofire */; };
		D2C64F0924BAFC11005C8CBB /* SwiftyJSON in Frameworks */ = {isa = PBXBuildFile; productRef = D2C64F0824BAFC11005C8CBB /* SwiftyJSON */; };
		D2C64F0C24BB9D7A005C8CBB /* Aria2Config.swift in Sources */ = {isa = PBXBuildFile; fileRef = D2C64F0B24BB9D7A005C8CBB /* Aria2Config.swift */; };
		D2C64F0D24BB9D7A005C8CBB /* Aria2Config.swift in Sources */ = {isa = PBXBuildFile; fileRef = D2C64F0B24BB9D7A005C8CBB /* Aria2Config.swift */; };
		D2C64F0F24BC2AEC005C8CBB /* Aria2Parameters.swift in Sources */ = {isa = PBXBuildFile; fileRef = D2C64F0E24BC2AEC005C8CBB /* Aria2Parameters.swift */; };
		D2DB75AE24B864E6004CBDB6 /* Aria2_Integration.entitlements in Resources */ = {isa = PBXBuildFile; fileRef = D2DB75AD24B864E6004CBDB6 /* Aria2_Integration.entitlements */; };
		D2DB75B024B864E6004CBDB6 /* AppDelegate.swift in Sources */ = {isa = PBXBuildFile; fileRef = D2DB75AF24B864E6004CBDB6 /* AppDelegate.swift */; };
		D2DB75B324B864E6004CBDB6 /* Main.storyboard in Resources */ = {isa = PBXBuildFile; fileRef = D2DB75B124B864E6004CBDB6 /* Main.storyboard */; };
		D2DB75B524B864E6004CBDB6 /* ViewController.swift in Sources */ = {isa = PBXBuildFile; fileRef = D2DB75B424B864E6004CBDB6 /* ViewController.swift */; };
		D2DB75B724B864E7004CBDB6 /* Assets.xcassets in Resources */ = {isa = PBXBuildFile; fileRef = D2DB75B624B864E7004CBDB6 /* Assets.xcassets */; };
		D2DB75BE24B864E7004CBDB6 /* Aria2 Integration Extension.appex in Embed App Extensions */ = {isa = PBXBuildFile; fileRef = D2DB75BD24B864E7004CBDB6 /* Aria2 Integration Extension.appex */; settings = {ATTRIBUTES = (RemoveHeadersOnCopy, ); }; };
		D2DB75C324B864E7004CBDB6 /* Cocoa.framework in Frameworks */ = {isa = PBXBuildFile; fileRef = D2DB75C224B864E7004CBDB6 /* Cocoa.framework */; };
		D2DB75C624B864E7004CBDB6 /* SafariExtensionHandler.swift in Sources */ = {isa = PBXBuildFile; fileRef = D2DB75C524B864E7004CBDB6 /* SafariExtensionHandler.swift */; };
		D2DB75C824B864E7004CBDB6 /* SafariExtensionViewController.swift in Sources */ = {isa = PBXBuildFile; fileRef = D2DB75C724B864E7004CBDB6 /* SafariExtensionViewController.swift */; };
		D2DB75CB24B864E7004CBDB6 /* SafariExtensionViewController.xib in Resources */ = {isa = PBXBuildFile; fileRef = D2DB75C924B864E7004CBDB6 /* SafariExtensionViewController.xib */; };
		D2DB75CE24B864E7004CBDB6 /* script.js in Resources */ = {isa = PBXBuildFile; fileRef = D2DB75CD24B864E7004CBDB6 /* script.js */; };
		D2DB75DE24B8AAAE004CBDB6 /* Aria2TaskCell.swift in Sources */ = {isa = PBXBuildFile; fileRef = D2DB75DD24B8AAAE004CBDB6 /* Aria2TaskCell.swift */; };
/* End PBXBuildFile section */

/* Begin PBXContainerItemProxy section */
		D2DB75BF24B864E7004CBDB6 /* PBXContainerItemProxy */ = {
			isa = PBXContainerItemProxy;
			containerPortal = D2DB75A224B864E6004CBDB6 /* Project object */;
			proxyType = 1;
			remoteGlobalIDString = D2DB75BC24B864E7004CBDB6;
			remoteInfo = "Aria2 Integration Extension";
		};
/* End PBXContainerItemProxy section */

/* Begin PBXCopyFilesBuildPhase section */
		D2DB75D724B864E7004CBDB6 /* Embed App Extensions */ = {
			isa = PBXCopyFilesBuildPhase;
			buildActionMask = 12;
			dstPath = "";
			dstSubfolderSpec = 13;
			files = (
				D2DB75BE24B864E7004CBDB6 /* Aria2 Integration Extension.appex in Embed App Extensions */,
			);
			name = "Embed App Extensions";
			runOnlyForDeploymentPostprocessing = 0;
		};
/* End PBXCopyFilesBuildPhase section */

/* Begin PBXFileReference section */
		D22A7A8A24C59028008B5AC8 /* fr */ = {isa = PBXFileReference; lastKnownFileType = text.plist.strings; name = fr; path = fr.lproj/Main.strings; sourceTree = "<group>"; };
		D22A7A8B24C59028008B5AC8 /* fr */ = {isa = PBXFileReference; lastKnownFileType = text.plist.strings; name = fr; path = fr.lproj/SafariExtensionViewController.strings; sourceTree = "<group>"; };
		D2894C1124BF0289009F05CC /* icon128.png */ = {isa = PBXFileReference; lastKnownFileType = image.png; name = icon128.png; path = "../../firefox-chromium/src/icons/icon128.png"; sourceTree = "<group>"; };
		D2C64EFF24BAFB90005C8CBB /* Aria2Client.swift */ = {isa = PBXFileReference; fileEncoding = 4; lastKnownFileType = sourcecode.swift; path = Aria2Client.swift; sourceTree = "<group>"; };
		D2C64F0B24BB9D7A005C8CBB /* Aria2Config.swift */ = {isa = PBXFileReference; lastKnownFileType = sourcecode.swift; path = Aria2Config.swift; sourceTree = "<group>"; };
		D2C64F0E24BC2AEC005C8CBB /* Aria2Parameters.swift */ = {isa = PBXFileReference; lastKnownFileType = sourcecode.swift; path = Aria2Parameters.swift; sourceTree = "<group>"; };
		D2DB75AA24B864E6004CBDB6 /* Aria2 Integration.app */ = {isa = PBXFileReference; explicitFileType = wrapper.application; includeInIndex = 0; path = "Aria2 Integration.app"; sourceTree = BUILT_PRODUCTS_DIR; };
		D2DB75AD24B864E6004CBDB6 /* Aria2_Integration.entitlements */ = {isa = PBXFileReference; lastKnownFileType = text.plist.entitlements; path = Aria2_Integration.entitlements; sourceTree = "<group>"; };
		D2DB75AF24B864E6004CBDB6 /* AppDelegate.swift */ = {isa = PBXFileReference; lastKnownFileType = sourcecode.swift; path = AppDelegate.swift; sourceTree = "<group>"; };
		D2DB75B224B864E6004CBDB6 /* Base */ = {isa = PBXFileReference; lastKnownFileType = file.storyboard; name = Base; path = Base.lproj/Main.storyboard; sourceTree = "<group>"; };
		D2DB75B424B864E6004CBDB6 /* ViewController.swift */ = {isa = PBXFileReference; lastKnownFileType = sourcecode.swift; path = ViewController.swift; sourceTree = "<group>"; };
		D2DB75B624B864E7004CBDB6 /* Assets.xcassets */ = {isa = PBXFileReference; lastKnownFileType = folder.assetcatalog; path = Assets.xcassets; sourceTree = "<group>"; };
		D2DB75B824B864E7004CBDB6 /* Info.plist */ = {isa = PBXFileReference; lastKnownFileType = text.plist.xml; path = Info.plist; sourceTree = "<group>"; };
		D2DB75BD24B864E7004CBDB6 /* Aria2 Integration Extension.appex */ = {isa = PBXFileReference; explicitFileType = "wrapper.app-extension"; includeInIndex = 0; path = "Aria2 Integration Extension.appex"; sourceTree = BUILT_PRODUCTS_DIR; };
		D2DB75C224B864E7004CBDB6 /* Cocoa.framework */ = {isa = PBXFileReference; lastKnownFileType = wrapper.framework; name = Cocoa.framework; path = System/Library/Frameworks/Cocoa.framework; sourceTree = SDKROOT; };
		D2DB75C524B864E7004CBDB6 /* SafariExtensionHandler.swift */ = {isa = PBXFileReference; lastKnownFileType = sourcecode.swift; path = SafariExtensionHandler.swift; sourceTree = "<group>"; };
		D2DB75C724B864E7004CBDB6 /* SafariExtensionViewController.swift */ = {isa = PBXFileReference; lastKnownFileType = sourcecode.swift; path = SafariExtensionViewController.swift; sourceTree = "<group>"; };
		D2DB75CA24B864E7004CBDB6 /* Base */ = {isa = PBXFileReference; lastKnownFileType = file.xib; name = Base; path = Base.lproj/SafariExtensionViewController.xib; sourceTree = "<group>"; };
		D2DB75CC24B864E7004CBDB6 /* Info.plist */ = {isa = PBXFileReference; lastKnownFileType = text.plist.xml; path = Info.plist; sourceTree = "<group>"; };
		D2DB75CD24B864E7004CBDB6 /* script.js */ = {isa = PBXFileReference; lastKnownFileType = sourcecode.javascript; path = script.js; sourceTree = "<group>"; };
		D2DB75D124B864E7004CBDB6 /* Aria2_Integration_Extension.entitlements */ = {isa = PBXFileReference; lastKnownFileType = text.plist.entitlements; path = Aria2_Integration_Extension.entitlements; sourceTree = "<group>"; };
		D2DB75DD24B8AAAE004CBDB6 /* Aria2TaskCell.swift */ = {isa = PBXFileReference; lastKnownFileType = sourcecode.swift; path = Aria2TaskCell.swift; sourceTree = "<group>"; };
/* End PBXFileReference section */

/* Begin PBXFrameworksBuildPhase section */
		D2DB75A724B864E6004CBDB6 /* Frameworks */ = {
			isa = PBXFrameworksBuildPhase;
			buildActionMask = 2147483647;
			files = (
			);
			runOnlyForDeploymentPostprocessing = 0;
		};
		D2DB75BA24B864E7004CBDB6 /* Frameworks */ = {
			isa = PBXFrameworksBuildPhase;
			buildActionMask = 2147483647;
			files = (
				D2C64F0924BAFC11005C8CBB /* SwiftyJSON in Frameworks */,
				D2DB75C324B864E7004CBDB6 /* Cocoa.framework in Frameworks */,
				D2C64F0624BAFBF3005C8CBB /* Alamofire in Frameworks */,
			);
			runOnlyForDeploymentPostprocessing = 0;
		};
/* End PBXFrameworksBuildPhase section */

/* Begin PBXGroup section */
		D2DB75A124B864E6004CBDB6 = {
			isa = PBXGroup;
			children = (
				D2C64F0B24BB9D7A005C8CBB /* Aria2Config.swift */,
				D2DB75AC24B864E6004CBDB6 /* Aria2 Integration */,
				D2DB75C424B864E7004CBDB6 /* Aria2 Integration Extension */,
				D2DB75C124B864E7004CBDB6 /* Frameworks */,
				D2DB75AB24B864E6004CBDB6 /* Products */,
			);
			sourceTree = "<group>";
		};
		D2DB75AB24B864E6004CBDB6 /* Products */ = {
			isa = PBXGroup;
			children = (
				D2DB75AA24B864E6004CBDB6 /* Aria2 Integration.app */,
				D2DB75BD24B864E7004CBDB6 /* Aria2 Integration Extension.appex */,
			);
			name = Products;
			sourceTree = "<group>";
		};
		D2DB75AC24B864E6004CBDB6 /* Aria2 Integration */ = {
			isa = PBXGroup;
			children = (
				D2DB75AD24B864E6004CBDB6 /* Aria2_Integration.entitlements */,
				D2DB75AF24B864E6004CBDB6 /* AppDelegate.swift */,
				D2DB75B124B864E6004CBDB6 /* Main.storyboard */,
				D2DB75B424B864E6004CBDB6 /* ViewController.swift */,
				D2DB75B624B864E7004CBDB6 /* Assets.xcassets */,
				D2DB75B824B864E7004CBDB6 /* Info.plist */,
			);
			path = "Aria2 Integration";
			sourceTree = "<group>";
		};
		D2DB75C124B864E7004CBDB6 /* Frameworks */ = {
			isa = PBXGroup;
			children = (
				D2DB75C224B864E7004CBDB6 /* Cocoa.framework */,
			);
			name = Frameworks;
			sourceTree = "<group>";
		};
		D2DB75C424B864E7004CBDB6 /* Aria2 Integration Extension */ = {
			isa = PBXGroup;
			children = (
				D2894C1124BF0289009F05CC /* icon128.png */,
				D2C64EFF24BAFB90005C8CBB /* Aria2Client.swift */,
				D2DB75C524B864E7004CBDB6 /* SafariExtensionHandler.swift */,
				D2DB75C724B864E7004CBDB6 /* SafariExtensionViewController.swift */,
				D2DB75C924B864E7004CBDB6 /* SafariExtensionViewController.xib */,
				D2DB75CC24B864E7004CBDB6 /* Info.plist */,
				D2DB75CD24B864E7004CBDB6 /* script.js */,
				D2DB75D124B864E7004CBDB6 /* Aria2_Integration_Extension.entitlements */,
				D2DB75DD24B8AAAE004CBDB6 /* Aria2TaskCell.swift */,
				D2C64F0E24BC2AEC005C8CBB /* Aria2Parameters.swift */,
			);
			path = "Aria2 Integration Extension";
			sourceTree = "<group>";
		};
/* End PBXGroup section */

/* Begin PBXNativeTarget section */
		D2DB75A924B864E6004CBDB6 /* Aria2 Integration */ = {
			isa = PBXNativeTarget;
			buildConfigurationList = D2DB75D824B864E7004CBDB6 /* Build configuration list for PBXNativeTarget "Aria2 Integration" */;
			buildPhases = (
				D2DB75A624B864E6004CBDB6 /* Sources */,
				D2DB75A724B864E6004CBDB6 /* Frameworks */,
				D2DB75A824B864E6004CBDB6 /* Resources */,
				D2DB75D724B864E7004CBDB6 /* Embed App Extensions */,
			);
			buildRules = (
			);
			dependencies = (
				D2DB75C024B864E7004CBDB6 /* PBXTargetDependency */,
			);
			name = "Aria2 Integration";
			packageProductDependencies = (
			);
			productName = "Aria2 Integration";
			productReference = D2DB75AA24B864E6004CBDB6 /* Aria2 Integration.app */;
			productType = "com.apple.product-type.application";
		};
		D2DB75BC24B864E7004CBDB6 /* Aria2 Integration Extension */ = {
			isa = PBXNativeTarget;
			buildConfigurationList = D2DB75D424B864E7004CBDB6 /* Build configuration list for PBXNativeTarget "Aria2 Integration Extension" */;
			buildPhases = (
				D2DB75B924B864E7004CBDB6 /* Sources */,
				D2DB75BA24B864E7004CBDB6 /* Frameworks */,
				D2DB75BB24B864E7004CBDB6 /* Resources */,
			);
			buildRules = (
			);
			dependencies = (
			);
			name = "Aria2 Integration Extension";
			packageProductDependencies = (
				D2C64F0524BAFBF3005C8CBB /* Alamofire */,
				D2C64F0824BAFC11005C8CBB /* SwiftyJSON */,
			);
			productName = "Aria2 Integration Extension";
			productReference = D2DB75BD24B864E7004CBDB6 /* Aria2 Integration Extension.appex */;
			productType = "com.apple.product-type.app-extension";
		};
/* End PBXNativeTarget section */

/* Begin PBXProject section */
		D2DB75A224B864E6004CBDB6 /* Project object */ = {
			isa = PBXProject;
			attributes = {
				LastSwiftUpdateCheck = 1150;
				LastUpgradeCheck = 1210;
				ORGANIZATIONNAME = baptistecdr;
				TargetAttributes = {
					D2DB75A924B864E6004CBDB6 = {
						CreatedOnToolsVersion = 11.5;
					};
					D2DB75BC24B864E7004CBDB6 = {
						CreatedOnToolsVersion = 11.5;
					};
				};
			};
			buildConfigurationList = D2DB75A524B864E6004CBDB6 /* Build configuration list for PBXProject "Aria2 Integration" */;
			compatibilityVersion = "Xcode 9.3";
			developmentRegion = en;
			hasScannedForEncodings = 0;
			knownRegions = (
				en,
				Base,
				fr,
			);
			mainGroup = D2DB75A124B864E6004CBDB6;
			packageReferences = (
				D2C64F0424BAFBF3005C8CBB /* XCRemoteSwiftPackageReference "Alamofire" */,
				D2C64F0724BAFC11005C8CBB /* XCRemoteSwiftPackageReference "SwiftyJSON" */,
			);
			productRefGroup = D2DB75AB24B864E6004CBDB6 /* Products */;
			projectDirPath = "";
			projectRoot = "";
			targets = (
				D2DB75A924B864E6004CBDB6 /* Aria2 Integration */,
				D2DB75BC24B864E7004CBDB6 /* Aria2 Integration Extension */,
			);
		};
/* End PBXProject section */

/* Begin PBXResourcesBuildPhase section */
		D2DB75A824B864E6004CBDB6 /* Resources */ = {
			isa = PBXResourcesBuildPhase;
			buildActionMask = 2147483647;
			files = (
				D2DB75AE24B864E6004CBDB6 /* Aria2_Integration.entitlements in Resources */,
				D2DB75B724B864E7004CBDB6 /* Assets.xcassets in Resources */,
				D2DB75B324B864E6004CBDB6 /* Main.storyboard in Resources */,
			);
			runOnlyForDeploymentPostprocessing = 0;
		};
		D2DB75BB24B864E7004CBDB6 /* Resources */ = {
			isa = PBXResourcesBuildPhase;
			buildActionMask = 2147483647;
			files = (
				D2DB75CB24B864E7004CBDB6 /* SafariExtensionViewController.xib in Resources */,
				D2894C1224BF0289009F05CC /* icon128.png in Resources */,
				D2DB75CE24B864E7004CBDB6 /* script.js in Resources */,
			);
			runOnlyForDeploymentPostprocessing = 0;
		};
/* End PBXResourcesBuildPhase section */

/* Begin PBXSourcesBuildPhase section */
		D2DB75A624B864E6004CBDB6 /* Sources */ = {
			isa = PBXSourcesBuildPhase;
			buildActionMask = 2147483647;
			files = (
				D2DB75B524B864E6004CBDB6 /* ViewController.swift in Sources */,
				D2C64F0C24BB9D7A005C8CBB /* Aria2Config.swift in Sources */,
				D2DB75B024B864E6004CBDB6 /* AppDelegate.swift in Sources */,
			);
			runOnlyForDeploymentPostprocessing = 0;
		};
		D2DB75B924B864E7004CBDB6 /* Sources */ = {
			isa = PBXSourcesBuildPhase;
			buildActionMask = 2147483647;
			files = (
				D2DB75DE24B8AAAE004CBDB6 /* Aria2TaskCell.swift in Sources */,
				D2C64F0D24BB9D7A005C8CBB /* Aria2Config.swift in Sources */,
				D2C64F0024BAFB90005C8CBB /* Aria2Client.swift in Sources */,
				D2C64F0F24BC2AEC005C8CBB /* Aria2Parameters.swift in Sources */,
				D2DB75C824B864E7004CBDB6 /* SafariExtensionViewController.swift in Sources */,
				D2DB75C624B864E7004CBDB6 /* SafariExtensionHandler.swift in Sources */,
			);
			runOnlyForDeploymentPostprocessing = 0;
		};
/* End PBXSourcesBuildPhase section */

/* Begin PBXTargetDependency section */
		D2DB75C024B864E7004CBDB6 /* PBXTargetDependency */ = {
			isa = PBXTargetDependency;
			target = D2DB75BC24B864E7004CBDB6 /* Aria2 Integration Extension */;
			targetProxy = D2DB75BF24B864E7004CBDB6 /* PBXContainerItemProxy */;
		};
/* End PBXTargetDependency section */

/* Begin PBXVariantGroup section */
		D2DB75B124B864E6004CBDB6 /* Main.storyboard */ = {
			isa = PBXVariantGroup;
			children = (
				D2DB75B224B864E6004CBDB6 /* Base */,
				D22A7A8A24C59028008B5AC8 /* fr */,
			);
			name = Main.storyboard;
			sourceTree = "<group>";
		};
		D2DB75C924B864E7004CBDB6 /* SafariExtensionViewController.xib */ = {
			isa = PBXVariantGroup;
			children = (
				D2DB75CA24B864E7004CBDB6 /* Base */,
				D22A7A8B24C59028008B5AC8 /* fr */,
			);
			name = SafariExtensionViewController.xib;
			sourceTree = "<group>";
		};
/* End PBXVariantGroup section */

/* Begin XCBuildConfiguration section */
		D2DB75D224B864E7004CBDB6 /* Debug */ = {
			isa = XCBuildConfiguration;
			buildSettings = {
				ALWAYS_SEARCH_USER_PATHS = NO;
				CLANG_ANALYZER_LOCALIZABILITY_NONLOCALIZED = YES;
				CLANG_ANALYZER_NONNULL = YES;
				CLANG_ANALYZER_NUMBER_OBJECT_CONVERSION = YES_AGGRESSIVE;
				CLANG_CXX_LANGUAGE_STANDARD = "gnu++14";
				CLANG_CXX_LIBRARY = "libc++";
				CLANG_ENABLE_MODULES = YES;
				CLANG_ENABLE_OBJC_ARC = YES;
				CLANG_ENABLE_OBJC_WEAK = YES;
				CLANG_WARN_BLOCK_CAPTURE_AUTORELEASING = YES;
				CLANG_WARN_BOOL_CONVERSION = YES;
				CLANG_WARN_COMMA = YES;
				CLANG_WARN_CONSTANT_CONVERSION = YES;
				CLANG_WARN_DEPRECATED_OBJC_IMPLEMENTATIONS = YES;
				CLANG_WARN_DIRECT_OBJC_ISA_USAGE = YES_ERROR;
				CLANG_WARN_DOCUMENTATION_COMMENTS = YES;
				CLANG_WARN_EMPTY_BODY = YES;
				CLANG_WARN_ENUM_CONVERSION = YES;
				CLANG_WARN_INFINITE_RECURSION = YES;
				CLANG_WARN_INT_CONVERSION = YES;
				CLANG_WARN_NON_LITERAL_NULL_CONVERSION = YES;
				CLANG_WARN_OBJC_IMPLICIT_RETAIN_SELF = YES;
				CLANG_WARN_OBJC_LITERAL_CONVERSION = YES;
				CLANG_WARN_OBJC_ROOT_CLASS = YES_ERROR;
				CLANG_WARN_QUOTED_INCLUDE_IN_FRAMEWORK_HEADER = YES;
				CLANG_WARN_RANGE_LOOP_ANALYSIS = YES;
				CLANG_WARN_STRICT_PROTOTYPES = YES;
				CLANG_WARN_SUSPICIOUS_MOVE = YES;
				CLANG_WARN_UNGUARDED_AVAILABILITY = YES_AGGRESSIVE;
				CLANG_WARN_UNREACHABLE_CODE = YES;
				CLANG_WARN__DUPLICATE_METHOD_MATCH = YES;
				COPY_PHASE_STRIP = NO;
				DEBUG_INFORMATION_FORMAT = dwarf;
				ENABLE_STRICT_OBJC_MSGSEND = YES;
				ENABLE_TESTABILITY = YES;
				GCC_C_LANGUAGE_STANDARD = gnu11;
				GCC_DYNAMIC_NO_PIC = NO;
				GCC_NO_COMMON_BLOCKS = YES;
				GCC_OPTIMIZATION_LEVEL = 0;
				GCC_PREPROCESSOR_DEFINITIONS = (
					"DEBUG=1",
					"$(inherited)",
				);
				GCC_WARN_64_TO_32_BIT_CONVERSION = YES;
				GCC_WARN_ABOUT_RETURN_TYPE = YES_ERROR;
				GCC_WARN_UNDECLARED_SELECTOR = YES;
				GCC_WARN_UNINITIALIZED_AUTOS = YES_AGGRESSIVE;
				GCC_WARN_UNUSED_FUNCTION = YES;
				GCC_WARN_UNUSED_VARIABLE = YES;
				MACOSX_DEPLOYMENT_TARGET = 10.15;
				MTL_ENABLE_DEBUG_INFO = INCLUDE_SOURCE;
				MTL_FAST_MATH = YES;
				ONLY_ACTIVE_ARCH = YES;
				SDKROOT = macosx;
				SWIFT_ACTIVE_COMPILATION_CONDITIONS = DEBUG;
				SWIFT_OPTIMIZATION_LEVEL = "-Onone";
			};
			name = Debug;
		};
		D2DB75D324B864E7004CBDB6 /* Release */ = {
			isa = XCBuildConfiguration;
			buildSettings = {
				ALWAYS_SEARCH_USER_PATHS = NO;
				CLANG_ANALYZER_LOCALIZABILITY_NONLOCALIZED = YES;
				CLANG_ANALYZER_NONNULL = YES;
				CLANG_ANALYZER_NUMBER_OBJECT_CONVERSION = YES_AGGRESSIVE;
				CLANG_CXX_LANGUAGE_STANDARD = "gnu++14";
				CLANG_CXX_LIBRARY = "libc++";
				CLANG_ENABLE_MODULES = YES;
				CLANG_ENABLE_OBJC_ARC = YES;
				CLANG_ENABLE_OBJC_WEAK = YES;
				CLANG_WARN_BLOCK_CAPTURE_AUTORELEASING = YES;
				CLANG_WARN_BOOL_CONVERSION = YES;
				CLANG_WARN_COMMA = YES;
				CLANG_WARN_CONSTANT_CONVERSION = YES;
				CLANG_WARN_DEPRECATED_OBJC_IMPLEMENTATIONS = YES;
				CLANG_WARN_DIRECT_OBJC_ISA_USAGE = YES_ERROR;
				CLANG_WARN_DOCUMENTATION_COMMENTS = YES;
				CLANG_WARN_EMPTY_BODY = YES;
				CLANG_WARN_ENUM_CONVERSION = YES;
				CLANG_WARN_INFINITE_RECURSION = YES;
				CLANG_WARN_INT_CONVERSION = YES;
				CLANG_WARN_NON_LITERAL_NULL_CONVERSION = YES;
				CLANG_WARN_OBJC_IMPLICIT_RETAIN_SELF = YES;
				CLANG_WARN_OBJC_LITERAL_CONVERSION = YES;
				CLANG_WARN_OBJC_ROOT_CLASS = YES_ERROR;
				CLANG_WARN_QUOTED_INCLUDE_IN_FRAMEWORK_HEADER = YES;
				CLANG_WARN_RANGE_LOOP_ANALYSIS = YES;
				CLANG_WARN_STRICT_PROTOTYPES = YES;
				CLANG_WARN_SUSPICIOUS_MOVE = YES;
				CLANG_WARN_UNGUARDED_AVAILABILITY = YES_AGGRESSIVE;
				CLANG_WARN_UNREACHABLE_CODE = YES;
				CLANG_WARN__DUPLICATE_METHOD_MATCH = YES;
				COPY_PHASE_STRIP = NO;
				DEBUG_INFORMATION_FORMAT = "dwarf-with-dsym";
				ENABLE_NS_ASSERTIONS = NO;
				ENABLE_STRICT_OBJC_MSGSEND = YES;
				GCC_C_LANGUAGE_STANDARD = gnu11;
				GCC_NO_COMMON_BLOCKS = YES;
				GCC_WARN_64_TO_32_BIT_CONVERSION = YES;
				GCC_WARN_ABOUT_RETURN_TYPE = YES_ERROR;
				GCC_WARN_UNDECLARED_SELECTOR = YES;
				GCC_WARN_UNINITIALIZED_AUTOS = YES_AGGRESSIVE;
				GCC_WARN_UNUSED_FUNCTION = YES;
				GCC_WARN_UNUSED_VARIABLE = YES;
				MACOSX_DEPLOYMENT_TARGET = 10.15;
				MTL_ENABLE_DEBUG_INFO = NO;
				MTL_FAST_MATH = YES;
				ONLY_ACTIVE_ARCH = YES;
				SDKROOT = macosx;
				SWIFT_COMPILATION_MODE = wholemodule;
				SWIFT_OPTIMIZATION_LEVEL = "-O";
			};
			name = Release;
		};
		D2DB75D524B864E7004CBDB6 /* Debug */ = {
			isa = XCBuildConfiguration;
			buildSettings = {
				CODE_SIGN_ENTITLEMENTS = "Aria2 Integration Extension/Aria2_Integration_Extension.entitlements";
				CODE_SIGN_IDENTITY = "Apple Development";
				CODE_SIGN_STYLE = Automatic;
				DEVELOPMENT_TEAM = 5G6LMK53EG;
				ENABLE_HARDENED_RUNTIME = YES;
				INFOPLIST_FILE = "Aria2 Integration Extension/Info.plist";
				LD_RUNPATH_SEARCH_PATHS = (
					"$(inherited)",
					"@executable_path/../Frameworks",
					"@executable_path/../../../../Frameworks",
				);
				PRODUCT_BUNDLE_IDENTIFIER = "bosp.Aria2-Integration-Extension";
				PRODUCT_NAME = "$(TARGET_NAME)";
				SKIP_INSTALL = YES;
				SWIFT_VERSION = 5.0;
			};
			name = Debug;
		};
		D2DB75D624B864E7004CBDB6 /* Release */ = {
			isa = XCBuildConfiguration;
			buildSettings = {
				CODE_SIGN_ENTITLEMENTS = "Aria2 Integration Extension/Aria2_Integration_Extension.entitlements";
				CODE_SIGN_IDENTITY = "Apple Development";
				CODE_SIGN_STYLE = Automatic;
				DEVELOPMENT_TEAM = 5G6LMK53EG;
				ENABLE_HARDENED_RUNTIME = YES;
				INFOPLIST_FILE = "Aria2 Integration Extension/Info.plist";
				LD_RUNPATH_SEARCH_PATHS = (
					"$(inherited)",
					"@executable_path/../Frameworks",
					"@executable_path/../../../../Frameworks",
				);
				PRODUCT_BUNDLE_IDENTIFIER = "bosp.Aria2-Integration-Extension";
				PRODUCT_NAME = "$(TARGET_NAME)";
				SKIP_INSTALL = YES;
				SWIFT_VERSION = 5.0;
			};
			name = Release;
		};
		D2DB75D924B864E7004CBDB6 /* Debug */ = {
			isa = XCBuildConfiguration;
			buildSettings = {
				ALWAYS_EMBED_SWIFT_STANDARD_LIBRARIES = YES;
				ASSETCATALOG_COMPILER_APPICON_NAME = AppIcon;
				CODE_SIGN_ENTITLEMENTS = "Aria2 Integration/Aria2_Integration.entitlements";
				CODE_SIGN_IDENTITY = "Apple Development";
				CODE_SIGN_STYLE = Automatic;
				COMBINE_HIDPI_IMAGES = YES;
				DEVELOPMENT_TEAM = 5G6LMK53EG;
				ENABLE_HARDENED_RUNTIME = YES;
				INFOPLIST_FILE = "Aria2 Integration/Info.plist";
				LD_RUNPATH_SEARCH_PATHS = (
					"$(inherited)",
					"@executable_path/../Frameworks",
				);
				PRODUCT_BUNDLE_IDENTIFIER = "bosp.Aria2-Integration";
				PRODUCT_NAME = "$(TARGET_NAME)";
				SWIFT_VERSION = 5.0;
			};
			name = Debug;
		};
		D2DB75DA24B864E7004CBDB6 /* Release */ = {
			isa = XCBuildConfiguration;
			buildSettings = {
				ALWAYS_EMBED_SWIFT_STANDARD_LIBRARIES = YES;
				ASSETCATALOG_COMPILER_APPICON_NAME = AppIcon;
				CODE_SIGN_ENTITLEMENTS = "Aria2 Integration/Aria2_Integration.entitlements";
				CODE_SIGN_IDENTITY = "Apple Development";
				CODE_SIGN_STYLE = Automatic;
				COMBINE_HIDPI_IMAGES = YES;
				DEVELOPMENT_TEAM = 5G6LMK53EG;
				ENABLE_HARDENED_RUNTIME = YES;
				INFOPLIST_FILE = "Aria2 Integration/Info.plist";
				LD_RUNPATH_SEARCH_PATHS = (
					"$(inherited)",
					"@executable_path/../Frameworks",
				);
				PRODUCT_BUNDLE_IDENTIFIER = "bosp.Aria2-Integration";
				PRODUCT_NAME = "$(TARGET_NAME)";
				SWIFT_VERSION = 5.0;
			};
			name = Release;
		};
/* End XCBuildConfiguration section */

/* Begin XCConfigurationList section */
		D2DB75A524B864E6004CBDB6 /* Build configuration list for PBXProject "Aria2 Integration" */ = {
			isa = XCConfigurationList;
			buildConfigurations = (
				D2DB75D224B864E7004CBDB6 /* Debug */,
				D2DB75D324B864E7004CBDB6 /* Release */,
			);
			defaultConfigurationIsVisible = 0;
			defaultConfigurationName = Release;
		};
		D2DB75D424B864E7004CBDB6 /* Build configuration list for PBXNativeTarget "Aria2 Integration Extension" */ = {
			isa = XCConfigurationList;
			buildConfigurations = (
				D2DB75D524B864E7004CBDB6 /* Debug */,
				D2DB75D624B864E7004CBDB6 /* Release */,
			);
			defaultConfigurationIsVisible = 0;
			defaultConfigurationName = Release;
		};
		D2DB75D824B864E7004CBDB6 /* Build configuration list for PBXNativeTarget "Aria2 Integration" */ = {
			isa = XCConfigurationList;
			buildConfigurations = (
				D2DB75D924B864E7004CBDB6 /* Debug */,
				D2DB75DA24B864E7004CBDB6 /* Release */,
			);
			defaultConfigurationIsVisible = 0;
			defaultConfigurationName = Release;
		};
/* End XCConfigurationList section */

/* Begin XCRemoteSwiftPackageReference section */
		D2C64F0424BAFBF3005C8CBB /* XCRemoteSwiftPackageReference "Alamofire" */ = {
			isa = XCRemoteSwiftPackageReference;
			repositoryURL = "https://github.com/Alamofire/Alamofire";
			requirement = {
				kind = upToNextMajorVersion;
				minimumVersion = 5.2.1;
			};
		};
		D2C64F0724BAFC11005C8CBB /* XCRemoteSwiftPackageReference "SwiftyJSON" */ = {
			isa = XCRemoteSwiftPackageReference;
			repositoryURL = "https://github.com/SwiftyJSON/SwiftyJSON";
			requirement = {
				kind = upToNextMajorVersion;
				minimumVersion = 5.0.0;
			};
		};
/* End XCRemoteSwiftPackageReference section */

/* Begin XCSwiftPackageProductDependency section */
		D2C64F0524BAFBF3005C8CBB /* Alamofire */ = {
			isa = XCSwiftPackageProductDependency;
			package = D2C64F0424BAFBF3005C8CBB /* XCRemoteSwiftPackageReference "Alamofire" */;
			productName = Alamofire;
		};
		D2C64F0824BAFC11005C8CBB /* SwiftyJSON */ = {
			isa = XCSwiftPackageProductDependency;
			package = D2C64F0724BAFC11005C8CBB /* XCRemoteSwiftPackageReference "SwiftyJSON" */;
			productName = SwiftyJSON;
		};
/* End XCSwiftPackageProductDependency section */
	};
	rootObject = D2DB75A224B864E6004CBDB6 /* Project object */;
}
